
Microsoft Visual Studio Solution File, Format Version 12.00
# Visual Studio Version 17
VisualStudioVersion = 17.3.32804.467
MinimumVisualStudioVersion = 10.0.40219.1
Project("{FAE04EC0-301F-11D3-BF4B-00C04F79EFBC}") = "Practico2", "Practico2.csproj", "{75F76C54-7728-4E7A-8996-3DC452D64D4B}"
EndProject
Project("{FAE04EC0-301F-11D3-BF4B-00C04F79EFBC}") = "Clases", "..\Clases\Clases.csproj", "{F394BD66-A4D3-4CD5-9EBF-9F4409E7C1E9}"
EndProject
Global
	GlobalSection(SolutionConfigurationPlatforms) = preSolution
		Debug|Any CPU = Debug|Any CPU
		Release|Any CPU = Release|Any CPU
	EndGlobalSection
	GlobalSection(ProjectConfigurationPlatforms) = postSolution
		{75F76C54-7728-4E7A-8996-3DC452D64D4B}.Debug|Any CPU.ActiveCfg = Debug|Any CPU
		{75F76C54-7728-4E7A-8996-3DC452D64D4B}.Debug|Any CPU.Build.0 = Debug|Any CPU
		{75F76C54-7728-4E7A-8996-3DC452D64D4B}.Release|Any CPU.ActiveCfg = Release|Any CPU
		{75F76C54-7728-4E7A-8996-3DC452D64D4B}.Release|Any CPU.Build.0 = Release|Any CPU
		{F394BD66-A4D3-4CD5-9EBF-9F4409E7C1E9}.Debug|Any CPU.ActiveCfg = Debug|Any CPU
		{F394BD66-A4D3-4CD5-9EBF-9F4409E7C1E9}.Debug|Any CPU.Build.0 = Debug|Any CPU
		{F394BD66-A4D3-4CD5-9EBF-9F4409E7C1E9}.Release|Any CPU.ActiveCfg = Release|Any CPU
		{F394BD66-A4D3-4CD5-9EBF-9F4409E7C1E9}.Release|Any CPU.Build.0 = Release|Any CPU
	EndGlobalSection
	GlobalSection(SolutionProperties) = preSolution
		HideSolutionNode = FALSE
	EndGlobalSection
	GlobalSection(ExtensibilityGlobals) = postSolution
		SolutionGuid = {86AAD6B7-DE99-4C44-B28B-C86F349E1591}
	EndGlobalSection
EndGlobal
